// !$*UTF8*$!
{
	archiveVersion = 1;
	classes = {
	};
	objectVersion = 56;
	objects = {

/* Begin PBXBuildFile section */
		2BA647D22C4C7B41005132C5 /* Assets.xcassets in Resources */ = {isa = PBXBuildFile; fileRef = 2BA647D12C4C7B41005132C5 /* Assets.xcassets */; };
		2BA647D52C4C7B41005132C5 /* Base in Resources */ = {isa = PBXBuildFile; fileRef = 2BA647D42C4C7B41005132C5 /* Base */; };
		2BA647EF2C4C7BF2005132C5 /* HourMinute.swift in Sources */ = {isa = PBXBuildFile; fileRef = 2BA647DC2C4C7BF1005132C5 /* HourMinute.swift */; };
		2BA647F02C4C7BF2005132C5 /* MyView.swift in Sources */ = {isa = PBXBuildFile; fileRef = 2BA647DD2C4C7BF1005132C5 /* MyView.swift */; };
		2BA647F12C4C7BF2005132C5 /* Connection.swift in Sources */ = {isa = PBXBuildFile; fileRef = 2BA647DF2C4C7BF1005132C5 /* Connection.swift */; };
		2BA647F22C4C7BF2005132C5 /* NetworkOptionView.xib in Resources */ = {isa = PBXBuildFile; fileRef = 2BA647E02C4C7BF1005132C5 /* NetworkOptionView.xib */; };
		2BA647F32C4C7BF2005132C5 /* NetworkOptionViewController.swift in Sources */ = {isa = PBXBuildFile; fileRef = 2BA647E12C4C7BF1005132C5 /* NetworkOptionViewController.swift */; };
		2BA647F42C4C7BF2005132C5 /* Packet.swift in Sources */ = {isa = PBXBuildFile; fileRef = 2BA647E22C4C7BF1005132C5 /* Packet.swift */; };
		2BA647F52C4C7BF2005132C5 /* MediaPlayer.swift in Sources */ = {isa = PBXBuildFile; fileRef = 2BA647E42C4C7BF1005132C5 /* MediaPlayer.swift */; };
		2BA647F62C4C7BF2005132C5 /* MediaWindow.xib in Resources */ = {isa = PBXBuildFile; fileRef = 2BA647E52C4C7BF1005132C5 /* MediaWindow.xib */; };
		2BA647F72C4C7BF2005132C5 /* MediaWindowController.swift in Sources */ = {isa = PBXBuildFile; fileRef = 2BA647E62C4C7BF1005132C5 /* MediaWindowController.swift */; };
		2BA647F82C4C7BF2005132C5 /* MovieOptionView.xib in Resources */ = {isa = PBXBuildFile; fileRef = 2BA647E72C4C7BF1005132C5 /* MovieOptionView.xib */; };
		2BA647F92C4C7BF2005132C5 /* MovieOptionViewController.swift in Sources */ = {isa = PBXBuildFile; fileRef = 2BA647E82C4C7BF1005132C5 /* MovieOptionViewController.swift */; };
		2BA647FA2C4C7BF2005132C5 /* BinaryInteger+extension.swift in Sources */ = {isa = PBXBuildFile; fileRef = 2BA647EA2C4C7BF1005132C5 /* BinaryInteger+extension.swift */; };
		2BA647FB2C4C7BF2005132C5 /* Data+extension.swift in Sources */ = {isa = PBXBuildFile; fileRef = 2BA647EB2C4C7BF1005132C5 /* Data+extension.swift */; };
		2BA647FC2C4C7BF2005132C5 /* URL+extension.swift in Sources */ = {isa = PBXBuildFile; fileRef = 2BA647EC2C4C7BF1005132C5 /* URL+extension.swift */; };
		2BA647FD2C4C7BF2005132C5 /* Window+extension.swift in Sources */ = {isa = PBXBuildFile; fileRef = 2BA647ED2C4C7BF1005132C5 /* Window+extension.swift */; };
		2BA647FF2C4C7CB1005132C5 /* AppDelegate.swift in Sources */ = {isa = PBXBuildFile; fileRef = 2BA647FE2C4C7CB1005132C5 /* AppDelegate.swift */; };
/* End PBXBuildFile section */

/* Begin PBXFileReference section */
		2BA647CC2C4C7B40005132C5 /* AudioClient.app */ = {isa = PBXFileReference; explicitFileType = wrapper.application; includeInIndex = 0; path = AudioClient.app; sourceTree = BUILT_PRODUCTS_DIR; };
		2BA647D12C4C7B41005132C5 /* Assets.xcassets */ = {isa = PBXFileReference; lastKnownFileType = folder.assetcatalog; path = Assets.xcassets; sourceTree = "<group>"; };
		2BA647D42C4C7B41005132C5 /* Base */ = {isa = PBXFileReference; lastKnownFileType = file.xib; name = Base; path = Base.lproj/MainMenu.xib; sourceTree = "<group>"; };
		2BA647D62C4C7B41005132C5 /* AudioClient.entitlements */ = {isa = PBXFileReference; lastKnownFileType = text.plist.entitlements; path = AudioClient.entitlements; sourceTree = "<group>"; };
		2BA647DC2C4C7BF1005132C5 /* HourMinute.swift */ = {isa = PBXFileReference; fileEncoding = 4; lastKnownFileType = sourcecode.swift; path = HourMinute.swift; sourceTree = "<group>"; };
		2BA647DD2C4C7BF1005132C5 /* MyView.swift */ = {isa = PBXFileReference; fileEncoding = 4; lastKnownFileType = sourcecode.swift; path = MyView.swift; sourceTree = "<group>"; };
		2BA647DF2C4C7BF1005132C5 /* Connection.swift */ = {isa = PBXFileReference; fileEncoding = 4; lastKnownFileType = sourcecode.swift; path = Connection.swift; sourceTree = "<group>"; };
		2BA647E02C4C7BF1005132C5 /* NetworkOptionView.xib */ = {isa = PBXFileReference; fileEncoding = 4; lastKnownFileType = file.xib; path = NetworkOptionView.xib; sourceTree = "<group>"; };
		2BA647E12C4C7BF1005132C5 /* NetworkOptionViewController.swift */ = {isa = PBXFileReference; fileEncoding = 4; lastKnownFileType = sourcecode.swift; path = NetworkOptionViewController.swift; sourceTree = "<group>"; };
		2BA647E22C4C7BF1005132C5 /* Packet.swift */ = {isa = PBXFileReference; fileEncoding = 4; lastKnownFileType = sourcecode.swift; path = Packet.swift; sourceTree = "<group>"; };
		2BA647E42C4C7BF1005132C5 /* MediaPlayer.swift */ = {isa = PBXFileReference; fileEncoding = 4; lastKnownFileType = sourcecode.swift; path = MediaPlayer.swift; sourceTree = "<group>"; };
		2BA647E52C4C7BF1005132C5 /* MediaWindow.xib */ = {isa = PBXFileReference; fileEncoding = 4; lastKnownFileType = file.xib; path = MediaWindow.xib; sourceTree = "<group>"; };
		2BA647E62C4C7BF1005132C5 /* MediaWindowController.swift */ = {isa = PBXFileReference; fileEncoding = 4; lastKnownFileType = sourcecode.swift; path = MediaWindowController.swift; sourceTree = "<group>"; };
		2BA647E72C4C7BF1005132C5 /* MovieOptionView.xib */ = {isa = PBXFileReference; fileEncoding = 4; lastKnownFileType = file.xib; path = MovieOptionView.xib; sourceTree = "<group>"; };
		2BA647E82C4C7BF1005132C5 /* MovieOptionViewController.swift */ = {isa = PBXFileReference; fileEncoding = 4; lastKnownFileType = sourcecode.swift; path = MovieOptionViewController.swift; sourceTree = "<group>"; };
		2BA647EA2C4C7BF1005132C5 /* BinaryInteger+extension.swift */ = {isa = PBXFileReference; fileEncoding = 4; lastKnownFileType = sourcecode.swift; path = "BinaryInteger+extension.swift"; sourceTree = "<group>"; };
		2BA647EB2C4C7BF1005132C5 /* Data+extension.swift */ = {isa = PBXFileReference; fileEncoding = 4; lastKnownFileType = sourcecode.swift; path = "Data+extension.swift"; sourceTree = "<group>"; };
		2BA647EC2C4C7BF1005132C5 /* URL+extension.swift */ = {isa = PBXFileReference; fileEncoding = 4; lastKnownFileType = sourcecode.swift; path = "URL+extension.swift"; sourceTree = "<group>"; };
		2BA647ED2C4C7BF1005132C5 /* Window+extension.swift */ = {isa = PBXFileReference; fileEncoding = 4; lastKnownFileType = sourcecode.swift; path = "Window+extension.swift"; sourceTree = "<group>"; };
		2BA647FE2C4C7CB1005132C5 /* AppDelegate.swift */ = {isa = PBXFileReference; fileEncoding = 4; lastKnownFileType = sourcecode.swift; path = AppDelegate.swift; sourceTree = "<group>"; };
/* End PBXFileReference section */

/* Begin PBXFrameworksBuildPhase section */
		2BA647C92C4C7B40005132C5 /* Frameworks */ = {
			isa = PBXFrameworksBuildPhase;
			buildActionMask = 2147483647;
			files = (
			);
			runOnlyForDeploymentPostprocessing = 0;
		};
/* End PBXFrameworksBuildPhase section */

/* Begin PBXGroup section */
		2BA647C32C4C7B40005132C5 = {
			isa = PBXGroup;
			children = (
				2BA647CE2C4C7B40005132C5 /* AudioClient */,
				2BA647CD2C4C7B40005132C5 /* Products */,
			);
			sourceTree = "<group>";
		};
		2BA647CD2C4C7B40005132C5 /* Products */ = {
			isa = PBXGroup;
			children = (
				2BA647CC2C4C7B40005132C5 /* AudioClient.app */,
			);
			name = Products;
			sourceTree = "<group>";
		};
		2BA647CE2C4C7B40005132C5 /* AudioClient */ = {
			isa = PBXGroup;
			children = (
				2BA647EE2C4C7BF1005132C5 /* Extension */,
				2BA647E32C4C7BF1005132C5 /* Network */,
				2BA647E92C4C7BF1005132C5 /* Player */,
				2BA647DE2C4C7BF1005132C5 /* Utility */,
				2BA647D12C4C7B41005132C5 /* Assets.xcassets */,
				2BA647FE2C4C7CB1005132C5 /* AppDelegate.swift */,
				2BA647D32C4C7B41005132C5 /* MainMenu.xib */,
				2BA647D62C4C7B41005132C5 /* AudioClient.entitlements */,
			);
			path = AudioClient;
			sourceTree = "<group>";
		};
		2BA647DE2C4C7BF1005132C5 /* Utility */ = {
			isa = PBXGroup;
			children = (
				2BA647DC2C4C7BF1005132C5 /* HourMinute.swift */,
				2BA647DD2C4C7BF1005132C5 /* MyView.swift */,
			);
			path = Utility;
			sourceTree = "<group>";
		};
		2BA647E32C4C7BF1005132C5 /* Network */ = {
			isa = PBXGroup;
			children = (
				2BA647DF2C4C7BF1005132C5 /* Connection.swift */,
				2BA647E02C4C7BF1005132C5 /* NetworkOptionView.xib */,
				2BA647E12C4C7BF1005132C5 /* NetworkOptionViewController.swift */,
				2BA647E22C4C7BF1005132C5 /* Packet.swift */,
			);
			path = Network;
			sourceTree = "<group>";
		};
		2BA647E92C4C7BF1005132C5 /* Player */ = {
			isa = PBXGroup;
			children = (
				2BA647E42C4C7BF1005132C5 /* MediaPlayer.swift */,
				2BA647E52C4C7BF1005132C5 /* MediaWindow.xib */,
				2BA647E62C4C7BF1005132C5 /* MediaWindowController.swift */,
				2BA647E72C4C7BF1005132C5 /* MovieOptionView.xib */,
				2BA647E82C4C7BF1005132C5 /* MovieOptionViewController.swift */,
			);
			path = Player;
			sourceTree = "<group>";
		};
		2BA647EE2C4C7BF1005132C5 /* Extension */ = {
			isa = PBXGroup;
			children = (
				2BA647EA2C4C7BF1005132C5 /* BinaryInteger+extension.swift */,
				2BA647EB2C4C7BF1005132C5 /* Data+extension.swift */,
				2BA647EC2C4C7BF1005132C5 /* URL+extension.swift */,
				2BA647ED2C4C7BF1005132C5 /* Window+extension.swift */,
			);
			path = Extension;
			sourceTree = "<group>";
		};
/* End PBXGroup section */

/* Begin PBXNativeTarget section */
		2BA647CB2C4C7B40005132C5 /* AudioClient */ = {
			isa = PBXNativeTarget;
			buildConfigurationList = 2BA647D92C4C7B41005132C5 /* Build configuration list for PBXNativeTarget "AudioClient" */;
			buildPhases = (
				2BA647C82C4C7B40005132C5 /* Sources */,
				2BA647C92C4C7B40005132C5 /* Frameworks */,
				2BA647CA2C4C7B40005132C5 /* Resources */,
			);
			buildRules = (
			);
			dependencies = (
			);
			name = AudioClient;
			productName = AudioClient;
			productReference = 2BA647CC2C4C7B40005132C5 /* AudioClient.app */;
			productType = "com.apple.product-type.application";
		};
/* End PBXNativeTarget section */

/* Begin PBXProject section */
		2BA647C42C4C7B40005132C5 /* Project object */ = {
			isa = PBXProject;
			attributes = {
				BuildIndependentTargetsInParallel = 1;
				LastSwiftUpdateCheck = 1540;
				LastUpgradeCheck = 1540;
				ORGANIZATIONNAME = "Charles Kerr";
				TargetAttributes = {
					2BA647CB2C4C7B40005132C5 = {
						CreatedOnToolsVersion = 15.4;
					};
				};
			};
			buildConfigurationList = 2BA647C72C4C7B40005132C5 /* Build configuration list for PBXProject "AudioClient" */;
			compatibilityVersion = "Xcode 14.0";
			developmentRegion = en;
			hasScannedForEncodings = 0;
			knownRegions = (
				en,
				Base,
			);
			mainGroup = 2BA647C32C4C7B40005132C5;
			productRefGroup = 2BA647CD2C4C7B40005132C5 /* Products */;
			projectDirPath = "";
			projectRoot = "";
			targets = (
				2BA647CB2C4C7B40005132C5 /* AudioClient */,
			);
		};
/* End PBXProject section */

/* Begin PBXResourcesBuildPhase section */
		2BA647CA2C4C7B40005132C5 /* Resources */ = {
			isa = PBXResourcesBuildPhase;
			buildActionMask = 2147483647;
			files = (
				2BA647F62C4C7BF2005132C5 /* MediaWindow.xib in Resources */,
				2BA647D22C4C7B41005132C5 /* Assets.xcassets in Resources */,
				2BA647F82C4C7BF2005132C5 /* MovieOptionView.xib in Resources */,
				2BA647F22C4C7BF2005132C5 /* NetworkOptionView.xib in Resources */,
				2BA647D52C4C7B41005132C5 /* Base in Resources */,
			);
			runOnlyForDeploymentPostprocessing = 0;
		};
/* End PBXResourcesBuildPhase section */

/* Begin PBXSourcesBuildPhase section */
		2BA647C82C4C7B40005132C5 /* Sources */ = {
			isa = PBXSourcesBuildPhase;
			buildActionMask = 2147483647;
			files = (
				2BA647F32C4C7BF2005132C5 /* NetworkOptionViewController.swift in Sources */,
				2BA647F52C4C7BF2005132C5 /* MediaPlayer.swift in Sources */,
				2BA647F72C4C7BF2005132C5 /* MediaWindowController.swift in Sources */,
				2BA647F92C4C7BF2005132C5 /* MovieOptionViewController.swift in Sources */,
				2BA647F02C4C7BF2005132C5 /* MyView.swift in Sources */,
				2BA647F42C4C7BF2005132C5 /* Packet.swift in Sources */,
				2BA647EF2C4C7BF2005132C5 /* HourMinute.swift in Sources */,
				2BA647FD2C4C7BF2005132C5 /* Window+extension.swift in Sources */,
				2BA647FF2C4C7CB1005132C5 /* AppDelegate.swift in Sources */,
				2BA647FB2C4C7BF2005132C5 /* Data+extension.swift in Sources */,
				2BA647FC2C4C7BF2005132C5 /* URL+extension.swift in Sources */,
				2BA647F12C4C7BF2005132C5 /* Connection.swift in Sources */,
				2BA647FA2C4C7BF2005132C5 /* BinaryInteger+extension.swift in Sources */,
			);
			runOnlyForDeploymentPostprocessing = 0;
		};
/* End PBXSourcesBuildPhase section */

/* Begin PBXVariantGroup section */
		2BA647D32C4C7B41005132C5 /* MainMenu.xib */ = {
			isa = PBXVariantGroup;
			children = (
				2BA647D42C4C7B41005132C5 /* Base */,
			);
			name = MainMenu.xib;
			sourceTree = "<group>";
		};
/* End PBXVariantGroup section */

/* Begin XCBuildConfiguration section */
		2BA647D72C4C7B41005132C5 /* Debug */ = {
			isa = XCBuildConfiguration;
			buildSettings = {
				ALWAYS_SEARCH_USER_PATHS = NO;
				ASSETCATALOG_COMPILER_GENERATE_SWIFT_ASSET_SYMBOL_EXTENSIONS = YES;
				CLANG_ANALYZER_NONNULL = YES;
				CLANG_ANALYZER_NUMBER_OBJECT_CONVERSION = YES_AGGRESSIVE;
				CLANG_CXX_LANGUAGE_STANDARD = "gnu++20";
				CLANG_ENABLE_MODULES = YES;
				CLANG_ENABLE_OBJC_ARC = YES;
				CLANG_ENABLE_OBJC_WEAK = YES;
				CLANG_WARN_BLOCK_CAPTURE_AUTORELEASING = YES;
				CLANG_WARN_BOOL_CONVERSION = YES;
				CLANG_WARN_COMMA = YES;
				CLANG_WARN_CONSTANT_CONVERSION = YES;
				CLANG_WARN_DEPRECATED_OBJC_IMPLEMENTATIONS = YES;
				CLANG_WARN_DIRECT_OBJC_ISA_USAGE = YES_ERROR;
				CLANG_WARN_DOCUMENTATION_COMMENTS = YES;
				CLANG_WARN_EMPTY_BODY = YES;
				CLANG_WARN_ENUM_CONVERSION = YES;
				CLANG_WARN_INFINITE_RECURSION = YES;
				CLANG_WARN_INT_CONVERSION = YES;
				CLANG_WARN_NON_LITERAL_NULL_CONVERSION = YES;
				CLANG_WARN_OBJC_IMPLICIT_RETAIN_SELF = YES;
				CLANG_WARN_OBJC_LITERAL_CONVERSION = YES;
				CLANG_WARN_OBJC_ROOT_CLASS = YES_ERROR;
				CLANG_WARN_QUOTED_INCLUDE_IN_FRAMEWORK_HEADER = YES;
				CLANG_WARN_RANGE_LOOP_ANALYSIS = YES;
				CLANG_WARN_STRICT_PROTOTYPES = YES;
				CLANG_WARN_SUSPICIOUS_MOVE = YES;
				CLANG_WARN_UNGUARDED_AVAILABILITY = YES_AGGRESSIVE;
				CLANG_WARN_UNREACHABLE_CODE = YES;
				CLANG_WARN__DUPLICATE_METHOD_MATCH = YES;
				COPY_PHASE_STRIP = NO;
				DEBUG_INFORMATION_FORMAT = dwarf;
				ENABLE_STRICT_OBJC_MSGSEND = YES;
				ENABLE_TESTABILITY = YES;
				ENABLE_USER_SCRIPT_SANDBOXING = YES;
				GCC_C_LANGUAGE_STANDARD = gnu17;
				GCC_DYNAMIC_NO_PIC = NO;
				GCC_NO_COMMON_BLOCKS = YES;
				GCC_OPTIMIZATION_LEVEL = 0;
				GCC_PREPROCESSOR_DEFINITIONS = (
					"DEBUG=1",
					"$(inherited)",
				);
				GCC_WARN_64_TO_32_BIT_CONVERSION = YES;
				GCC_WARN_ABOUT_RETURN_TYPE = YES_ERROR;
				GCC_WARN_UNDECLARED_SELECTOR = YES;
				GCC_WARN_UNINITIALIZED_AUTOS = YES_AGGRESSIVE;
				GCC_WARN_UNUSED_FUNCTION = YES;
				GCC_WARN_UNUSED_VARIABLE = YES;
				LOCALIZATION_PREFERS_STRING_CATALOGS = YES;
				MACOSX_DEPLOYMENT_TARGET = 14.5;
				MTL_ENABLE_DEBUG_INFO = INCLUDE_SOURCE;
				MTL_FAST_MATH = YES;
				ONLY_ACTIVE_ARCH = YES;
				SDKROOT = macosx;
				SWIFT_ACTIVE_COMPILATION_CONDITIONS = "DEBUG $(inherited)";
				SWIFT_OPTIMIZATION_LEVEL = "-Onone";
			};
			name = Debug;
		};
		2BA647D82C4C7B41005132C5 /* Release */ = {
			isa = XCBuildConfiguration;
			buildSettings = {
				ALWAYS_SEARCH_USER_PATHS = NO;
				ASSETCATALOG_COMPILER_GENERATE_SWIFT_ASSET_SYMBOL_EXTENSIONS = YES;
				CLANG_ANALYZER_NONNULL = YES;
				CLANG_ANALYZER_NUMBER_OBJECT_CONVERSION = YES_AGGRESSIVE;
				CLANG_CXX_LANGUAGE_STANDARD = "gnu++20";
				CLANG_ENABLE_MODULES = YES;
				CLANG_ENABLE_OBJC_ARC = YES;
				CLANG_ENABLE_OBJC_WEAK = YES;
				CLANG_WARN_BLOCK_CAPTURE_AUTORELEASING = YES;
				CLANG_WARN_BOOL_CONVERSION = YES;
				CLANG_WARN_COMMA = YES;
				CLANG_WARN_CONSTANT_CONVERSION = YES;
				CLANG_WARN_DEPRECATED_OBJC_IMPLEMENTATIONS = YES;
				CLANG_WARN_DIRECT_OBJC_ISA_USAGE = YES_ERROR;
				CLANG_WARN_DOCUMENTATION_COMMENTS = YES;
				CLANG_WARN_EMPTY_BODY = YES;
				CLANG_WARN_ENUM_CONVERSION = YES;
				CLANG_WARN_INFINITE_RECURSION = YES;
				CLANG_WARN_INT_CONVERSION = YES;
				CLANG_WARN_NON_LITERAL_NULL_CONVERSION = YES;
				CLANG_WARN_OBJC_IMPLICIT_RETAIN_SELF = YES;
				CLANG_WARN_OBJC_LITERAL_CONVERSION = YES;
				CLANG_WARN_OBJC_ROOT_CLASS = YES_ERROR;
				CLANG_WARN_QUOTED_INCLUDE_IN_FRAMEWORK_HEADER = YES;
				CLANG_WARN_RANGE_LOOP_ANALYSIS = YES;
				CLANG_WARN_STRICT_PROTOTYPES = YES;
				CLANG_WARN_SUSPICIOUS_MOVE = YES;
				CLANG_WARN_UNGUARDED_AVAILABILITY = YES_AGGRESSIVE;
				CLANG_WARN_UNREACHABLE_CODE = YES;
				CLANG_WARN__DUPLICATE_METHOD_MATCH = YES;
				COPY_PHASE_STRIP = NO;
				DEBUG_INFORMATION_FORMAT = "dwarf-with-dsym";
				ENABLE_NS_ASSERTIONS = NO;
				ENABLE_STRICT_OBJC_MSGSEND = YES;
				ENABLE_USER_SCRIPT_SANDBOXING = YES;
				GCC_C_LANGUAGE_STANDARD = gnu17;
				GCC_NO_COMMON_BLOCKS = YES;
				GCC_WARN_64_TO_32_BIT_CONVERSION = YES;
				GCC_WARN_ABOUT_RETURN_TYPE = YES_ERROR;
				GCC_WARN_UNDECLARED_SELECTOR = YES;
				GCC_WARN_UNINITIALIZED_AUTOS = YES_AGGRESSIVE;
				GCC_WARN_UNUSED_FUNCTION = YES;
				GCC_WARN_UNUSED_VARIABLE = YES;
				LOCALIZATION_PREFERS_STRING_CATALOGS = YES;
				MACOSX_DEPLOYMENT_TARGET = 14.5;
				MTL_ENABLE_DEBUG_INFO = NO;
				MTL_FAST_MATH = YES;
				SDKROOT = macosx;
				SWIFT_COMPILATION_MODE = wholemodule;
			};
			name = Release;
		};
		2BA647DA2C4C7B41005132C5 /* Debug */ = {
			isa = XCBuildConfiguration;
			buildSettings = {
				ASSETCATALOG_COMPILER_APPICON_NAME = AppIcon;
				ASSETCATALOG_COMPILER_GLOBAL_ACCENT_COLOR_NAME = AccentColor;
				CODE_SIGN_ENTITLEMENTS = AudioClient/AudioClient.entitlements;
				CODE_SIGN_STYLE = Automatic;
				COMBINE_HIDPI_IMAGES = YES;
				CURRENT_PROJECT_VERSION = 1;
				DEVELOPMENT_TEAM = CF264WE69M;
				ENABLE_HARDENED_RUNTIME = YES;
				GENERATE_INFOPLIST_FILE = YES;
				INFOPLIST_KEY_NSHumanReadableCopyright = "";
				INFOPLIST_KEY_NSMainNibFile = MainMenu;
				INFOPLIST_KEY_NSPrincipalClass = NSApplication;
				LD_RUNPATH_SEARCH_PATHS = (
					"$(inherited)",
					"@executable_path/../Frameworks",
				);
				MACOSX_DEPLOYMENT_TARGET = 12.4;
				MARKETING_VERSION = 1.0;
				PRODUCT_BUNDLE_IDENTIFIER = com.blinky.AudioClient;
				PRODUCT_NAME = "$(TARGET_NAME)";
				SWIFT_EMIT_LOC_STRINGS = YES;
				SWIFT_VERSION = 5.0;
			};
			name = Debug;
		};
		2BA647DB2C4C7B41005132C5 /* Release */ = {
			isa = XCBuildConfiguration;
			buildSettings = {
				ASSETCATALOG_COMPILER_APPICON_NAME = AppIcon;
				ASSETCATALOG_COMPILER_GLOBAL_ACCENT_COLOR_NAME = AccentColor;
				CODE_SIGN_ENTITLEMENTS = AudioClient/AudioClient.entitlements;
				CODE_SIGN_STYLE = Automatic;
				COMBINE_HIDPI_IMAGES = YES;
				CURRENT_PROJECT_VERSION = 1;
				DEVELOPMENT_TEAM = CF264WE69M;
				ENABLE_HARDENED_RUNTIME = YES;
				GENERATE_INFOPLIST_FILE = YES;
				INFOPLIST_KEY_NSHumanReadableCopyright = "";
				INFOPLIST_KEY_NSMainNibFile = MainMenu;
				INFOPLIST_KEY_NSPrincipalClass = NSApplication;
				LD_RUNPATH_SEARCH_PATHS = (
					"$(inherited)",
					"@executable_path/../Frameworks",
				);
				MACOSX_DEPLOYMENT_TARGET = 12.4;
				MARKETING_VERSION = 1.0;
				PRODUCT_BUNDLE_IDENTIFIER = com.blinky.AudioClient;
				PRODUCT_NAME = "$(TARGET_NAME)";
				SWIFT_EMIT_LOC_STRINGS = YES;
				SWIFT_VERSION = 5.0;
			};
			name = Release;
		};
/* End XCBuildConfiguration section */

/* Begin XCConfigurationList section */
		2BA647C72C4C7B40005132C5 /* Build configuration list for PBXProject "AudioClient" */ = {
			isa = XCConfigurationList;
			buildConfigurations = (
				2BA647D72C4C7B41005132C5 /* Debug */,
				2BA647D82C4C7B41005132C5 /* Release */,
			);
			defaultConfigurationIsVisible = 0;
			defaultConfigurationName = Release;
		};
		2BA647D92C4C7B41005132C5 /* Build configuration list for PBXNativeTarget "AudioClient" */ = {
			isa = XCConfigurationList;
			buildConfigurations = (
				2BA647DA2C4C7B41005132C5 /* Debug */,
				2BA647DB2C4C7B41005132C5 /* Release */,
			);
			defaultConfigurationIsVisible = 0;
			defaultConfigurationName = Release;
		};
/* End XCConfigurationList section */
	};
	rootObject = 2BA647C42C4C7B40005132C5 /* Project object */;
}
